// !$*UTF8*$!
{
	archiveVersion = 1;
	classes = {
	};
	objectVersion = 48;
	objects = {

/* Begin PBXBuildFile section */
		4887B3891F74D439000F9E69 /* AppDelegate.m in Sources */ = {isa = PBXBuildFile; fileRef = 4887B3881F74D439000F9E69 /* AppDelegate.m */; };
		4887B38C1F74D439000F9E69 /* ViewController.m in Sources */ = {isa = PBXBuildFile; fileRef = 4887B38B1F74D439000F9E69 /* ViewController.m */; };
		4887B38F1F74D439000F9E69 /* Main.storyboard in Resources */ = {isa = PBXBuildFile; fileRef = 4887B38D1F74D439000F9E69 /* Main.storyboard */; };
		4887B3911F74D439000F9E69 /* Assets.xcassets in Resources */ = {isa = PBXBuildFile; fileRef = 4887B3901F74D439000F9E69 /* Assets.xcassets */; };
		4887B3941F74D439000F9E69 /* LaunchScreen.storyboard in Resources */ = {isa = PBXBuildFile; fileRef = 4887B3921F74D439000F9E69 /* LaunchScreen.storyboard */; };
		4887B3971F74D439000F9E69 /* main.m in Sources */ = {isa = PBXBuildFile; fileRef = 4887B3961F74D439000F9E69 /* main.m */; };
		4887B3A11F74D439000F9E69 /* OnceImgTests.m in Sources */ = {isa = PBXBuildFile; fileRef = 4887B3A01F74D439000F9E69 /* OnceImgTests.m */; };
		4887B3AC1F74D439000F9E69 /* OnceImgUITests.m in Sources */ = {isa = PBXBuildFile; fileRef = 4887B3AB1F74D439000F9E69 /* OnceImgUITests.m */; };
/* End PBXBuildFile section */

/* Begin PBXContainerItemProxy section */
		4887B39D1F74D439000F9E69 /* PBXContainerItemProxy */ = {
			isa = PBXContainerItemProxy;
			containerPortal = 4887B37C1F74D438000F9E69 /* Project object */;
			proxyType = 1;
			remoteGlobalIDString = 4887B3831F74D439000F9E69;
			remoteInfo = OnceImg;
		};
		4887B3A81F74D439000F9E69 /* PBXContainerItemProxy */ = {
			isa = PBXContainerItemProxy;
			containerPortal = 4887B37C1F74D438000F9E69 /* Project object */;
			proxyType = 1;
			remoteGlobalIDString = 4887B3831F74D439000F9E69;
			remoteInfo = OnceImg;
		};
/* End PBXContainerItemProxy section */

/* Begin PBXFileReference section */
		4887B3841F74D439000F9E69 /* OnceImg.app */ = {isa = PBXFileReference; explicitFileType = wrapper.application; includeInIndex = 0; path = OnceImg.app; sourceTree = BUILT_PRODUCTS_DIR; };
		4887B3871F74D439000F9E69 /* AppDelegate.h */ = {isa = PBXFileReference; lastKnownFileType = sourcecode.c.h; path = AppDelegate.h; sourceTree = "<group>"; };
		4887B3881F74D439000F9E69 /* AppDelegate.m */ = {isa = PBXFileReference; lastKnownFileType = sourcecode.c.objc; path = AppDelegate.m; sourceTree = "<group>"; };
		4887B38A1F74D439000F9E69 /* ViewController.h */ = {isa = PBXFileReference; lastKnownFileType = sourcecode.c.h; path = ViewController.h; sourceTree = "<group>"; };
		4887B38B1F74D439000F9E69 /* ViewController.m */ = {isa = PBXFileReference; lastKnownFileType = sourcecode.c.objc; path = ViewController.m; sourceTree = "<group>"; };
		4887B38E1F74D439000F9E69 /* Base */ = {isa = PBXFileReference; lastKnownFileType = file.storyboard; name = Base; path = Base.lproj/Main.storyboard; sourceTree = "<group>"; };
		4887B3901F74D439000F9E69 /* Assets.xcassets */ = {isa = PBXFileReference; lastKnownFileType = folder.assetcatalog; path = Assets.xcassets; sourceTree = "<group>"; };
		4887B3931F74D439000F9E69 /* Base */ = {isa = PBXFileReference; lastKnownFileType = file.storyboard; name = Base; path = Base.lproj/LaunchScreen.storyboard; sourceTree = "<group>"; };
		4887B3951F74D439000F9E69 /* Info.plist */ = {isa = PBXFileReference; lastKnownFileType = text.plist.xml; path = Info.plist; sourceTree = "<group>"; };
		4887B3961F74D439000F9E69 /* main.m */ = {isa = PBXFileReference; lastKnownFileType = sourcecode.c.objc; path = main.m; sourceTree = "<group>"; };
		4887B39C1F74D439000F9E69 /* OnceImgTests.xctest */ = {isa = PBXFileReference; explicitFileType = wrapper.cfbundle; includeInIndex = 0; path = OnceImgTests.xctest; sourceTree = BUILT_PRODUCTS_DIR; };
		4887B3A01F74D439000F9E69 /* OnceImgTests.m */ = {isa = PBXFileReference; lastKnownFileType = sourcecode.c.objc; path = OnceImgTests.m; sourceTree = "<group>"; };
		4887B3A21F74D439000F9E69 /* Info.plist */ = {isa = PBXFileReference; lastKnownFileType = text.plist.xml; path = Info.plist; sourceTree = "<group>"; };
		4887B3A71F74D439000F9E69 /* OnceImgUITests.xctest */ = {isa = PBXFileReference; explicitFileType = wrapper.cfbundle; includeInIndex = 0; path = OnceImgUITests.xctest; sourceTree = BUILT_PRODUCTS_DIR; };
		4887B3AB1F74D439000F9E69 /* OnceImgUITests.m */ = {isa = PBXFileReference; lastKnownFileType = sourcecode.c.objc; path = OnceImgUITests.m; sourceTree = "<group>"; };
		4887B3AD1F74D439000F9E69 /* Info.plist */ = {isa = PBXFileReference; lastKnownFileType = text.plist.xml; path = Info.plist; sourceTree = "<group>"; };
/* End PBXFileReference section */

/* Begin PBXFrameworksBuildPhase section */
		4887B3811F74D439000F9E69 /* Frameworks */ = {
			isa = PBXFrameworksBuildPhase;
			buildActionMask = 2147483647;
			files = (
			);
			runOnlyForDeploymentPostprocessing = 0;
		};
		4887B3991F74D439000F9E69 /* Frameworks */ = {
			isa = PBXFrameworksBuildPhase;
			buildActionMask = 2147483647;
			files = (
			);
			runOnlyForDeploymentPostprocessing = 0;
		};
		4887B3A41F74D439000F9E69 /* Frameworks */ = {
			isa = PBXFrameworksBuildPhase;
			buildActionMask = 2147483647;
			files = (
			);
			runOnlyForDeploymentPostprocessing = 0;
		};
/* End PBXFrameworksBuildPhase section */

/* Begin PBXGroup section */
		4887B37B1F74D438000F9E69 = {
			isa = PBXGroup;
			children = (
				4887B3861F74D439000F9E69 /* OnceImg */,
				4887B39F1F74D439000F9E69 /* OnceImgTests */,
				4887B3AA1F74D439000F9E69 /* OnceImgUITests */,
				4887B3851F74D439000F9E69 /* Products */,
			);
			sourceTree = "<group>";
		};
		4887B3851F74D439000F9E69 /* Products */ = {
			isa = PBXGroup;
			children = (
				4887B3841F74D439000F9E69 /* OnceImg.app */,
				4887B39C1F74D439000F9E69 /* OnceImgTests.xctest */,
				4887B3A71F74D439000F9E69 /* OnceImgUITests.xctest */,
			);
			name = Products;
			sourceTree = "<group>";
		};
		4887B3861F74D439000F9E69 /* OnceImg */ = {
			isa = PBXGroup;
			children = (
				4887B3871F74D439000F9E69 /* AppDelegate.h */,
				4887B3881F74D439000F9E69 /* AppDelegate.m */,
				4887B38A1F74D439000F9E69 /* ViewController.h */,
				4887B38B1F74D439000F9E69 /* ViewController.m */,
				4887B38D1F74D439000F9E69 /* Main.storyboard */,
				4887B3901F74D439000F9E69 /* Assets.xcassets */,
				4887B3921F74D439000F9E69 /* LaunchScreen.storyboard */,
				4887B3951F74D439000F9E69 /* Info.plist */,
				4887B3961F74D439000F9E69 /* main.m */,
			);
			path = OnceImg;
			sourceTree = "<group>";
		};
		4887B39F1F74D439000F9E69 /* OnceImgTests */ = {
			isa = PBXGroup;
			children = (
				4887B3A01F74D439000F9E69 /* OnceImgTests.m */,
				4887B3A21F74D439000F9E69 /* Info.plist */,
			);
			path = OnceImgTests;
			sourceTree = "<group>";
		};
		4887B3AA1F74D439000F9E69 /* OnceImgUITests */ = {
			isa = PBXGroup;
			children = (
				4887B3AB1F74D439000F9E69 /* OnceImgUITests.m */,
				4887B3AD1F74D439000F9E69 /* Info.plist */,
			);
			path = OnceImgUITests;
			sourceTree = "<group>";
		};
/* End PBXGroup section */

/* Begin PBXNativeTarget section */
		4887B3831F74D439000F9E69 /* OnceImg */ = {
			isa = PBXNativeTarget;
			buildConfigurationList = 4887B3B01F74D439000F9E69 /* Build configuration list for PBXNativeTarget "OnceImg" */;
			buildPhases = (
				4887B3801F74D439000F9E69 /* Sources */,
				4887B3811F74D439000F9E69 /* Frameworks */,
				4887B3821F74D439000F9E69 /* Resources */,
			);
			buildRules = (
			);
			dependencies = (
			);
			name = OnceImg;
			productName = OnceImg;
			productReference = 4887B3841F74D439000F9E69 /* OnceImg.app */;
			productType = "com.apple.product-type.application";
		};
		4887B39B1F74D439000F9E69 /* OnceImgTests */ = {
			isa = PBXNativeTarget;
			buildConfigurationList = 4887B3B31F74D439000F9E69 /* Build configuration list for PBXNativeTarget "OnceImgTests" */;
			buildPhases = (
				4887B3981F74D439000F9E69 /* Sources */,
				4887B3991F74D439000F9E69 /* Frameworks */,
				4887B39A1F74D439000F9E69 /* Resources */,
			);
			buildRules = (
			);
			dependencies = (
				4887B39E1F74D439000F9E69 /* PBXTargetDependency */,
			);
			name = OnceImgTests;
			productName = OnceImgTests;
			productReference = 4887B39C1F74D439000F9E69 /* OnceImgTests.xctest */;
			productType = "com.apple.product-type.bundle.unit-test";
		};
		4887B3A61F74D439000F9E69 /* OnceImgUITests */ = {
			isa = PBXNativeTarget;
			buildConfigurationList = 4887B3B61F74D439000F9E69 /* Build configuration list for PBXNativeTarget "OnceImgUITests" */;
			buildPhases = (
				4887B3A31F74D439000F9E69 /* Sources */,
				4887B3A41F74D439000F9E69 /* Frameworks */,
				4887B3A51F74D439000F9E69 /* Resources */,
			);
			buildRules = (
			);
			dependencies = (
				4887B3A91F74D439000F9E69 /* PBXTargetDependency */,
			);
			name = OnceImgUITests;
			productName = OnceImgUITests;
			productReference = 4887B3A71F74D439000F9E69 /* OnceImgUITests.xctest */;
			productType = "com.apple.product-type.bundle.ui-testing";
		};
/* End PBXNativeTarget section */

/* Begin PBXProject section */
		4887B37C1F74D438000F9E69 /* Project object */ = {
			isa = PBXProject;
			attributes = {
				LastUpgradeCheck = 0900;
				ORGANIZATIONNAME = "曹绍奇";
				TargetAttributes = {
					4887B3831F74D439000F9E69 = {
						CreatedOnToolsVersion = 9.0;
						ProvisioningStyle = Automatic;
					};
					4887B39B1F74D439000F9E69 = {
						CreatedOnToolsVersion = 9.0;
						ProvisioningStyle = Automatic;
						TestTargetID = 4887B3831F74D439000F9E69;
					};
					4887B3A61F74D439000F9E69 = {
						CreatedOnToolsVersion = 9.0;
						ProvisioningStyle = Automatic;
						TestTargetID = 4887B3831F74D439000F9E69;
					};
				};
			};
			buildConfigurationList = 4887B37F1F74D438000F9E69 /* Build configuration list for PBXProject "OnceImg" */;
			compatibilityVersion = "Xcode 8.0";
			developmentRegion = en;
			hasScannedForEncodings = 0;
			knownRegions = (
				en,
				Base,
			);
			mainGroup = 4887B37B1F74D438000F9E69;
			productRefGroup = 4887B3851F74D439000F9E69 /* Products */;
			projectDirPath = "";
			projectRoot = "";
			targets = (
				4887B3831F74D439000F9E69 /* OnceImg */,
				4887B39B1F74D439000F9E69 /* OnceImgTests */,
				4887B3A61F74D439000F9E69 /* OnceImgUITests */,
			);
		};
/* End PBXProject section */

/* Begin PBXResourcesBuildPhase section */
		4887B3821F74D439000F9E69 /* Resources */ = {
			isa = PBXResourcesBuildPhase;
			buildActionMask = 2147483647;
			files = (
				4887B3941F74D439000F9E69 /* LaunchScreen.storyboard in Resources */,
				4887B3911F74D439000F9E69 /* Assets.xcassets in Resources */,
				4887B38F1F74D439000F9E69 /* Main.storyboard in Resources */,
			);
			runOnlyForDeploymentPostprocessing = 0;
		};
		4887B39A1F74D439000F9E69 /* Resources */ = {
			isa = PBXResourcesBuildPhase;
			buildActionMask = 2147483647;
			files = (
			);
			runOnlyForDeploymentPostprocessing = 0;
		};
		4887B3A51F74D439000F9E69 /* Resources */ = {
			isa = PBXResourcesBuildPhase;
			buildActionMask = 2147483647;
			files = (
			);
			runOnlyForDeploymentPostprocessing = 0;
		};
/* End PBXResourcesBuildPhase section */

/* Begin PBXSourcesBuildPhase section */
		4887B3801F74D439000F9E69 /* Sources */ = {
			isa = PBXSourcesBuildPhase;
			buildActionMask = 2147483647;
			files = (
				4887B38C1F74D439000F9E69 /* ViewController.m in Sources */,
				4887B3971F74D439000F9E69 /* main.m in Sources */,
				4887B3891F74D439000F9E69 /* AppDelegate.m in Sources */,
			);
			runOnlyForDeploymentPostprocessing = 0;
		};
		4887B3981F74D439000F9E69 /* Sources */ = {
			isa = PBXSourcesBuildPhase;
			buildActionMask = 2147483647;
			files = (
				4887B3A11F74D439000F9E69 /* OnceImgTests.m in Sources */,
			);
			runOnlyForDeploymentPostprocessing = 0;
		};
		4887B3A31F74D439000F9E69 /* Sources */ = {
			isa = PBXSourcesBuildPhase;
			buildActionMask = 2147483647;
			files = (
				4887B3AC1F74D439000F9E69 /* OnceImgUITests.m in Sources */,
			);
			runOnlyForDeploymentPostprocessing = 0;
		};
/* End PBXSourcesBuildPhase section */

/* Begin PBXTargetDependency section */
		4887B39E1F74D439000F9E69 /* PBXTargetDependency */ = {
			isa = PBXTargetDependency;
			target = 4887B3831F74D439000F9E69 /* OnceImg */;
			targetProxy = 4887B39D1F74D439000F9E69 /* PBXContainerItemProxy */;
		};
		4887B3A91F74D439000F9E69 /* PBXTargetDependency */ = {
			isa = PBXTargetDependency;
			target = 4887B3831F74D439000F9E69 /* OnceImg */;
			targetProxy = 4887B3A81F74D439000F9E69 /* PBXContainerItemProxy */;
		};
/* End PBXTargetDependency section */

/* Begin PBXVariantGroup section */
		4887B38D1F74D439000F9E69 /* Main.storyboard */ = {
			isa = PBXVariantGroup;
			children = (
				4887B38E1F74D439000F9E69 /* Base */,
			);
			name = Main.storyboard;
			sourceTree = "<group>";
		};
		4887B3921F74D439000F9E69 /* LaunchScreen.storyboard */ = {
			isa = PBXVariantGroup;
			children = (
				4887B3931F74D439000F9E69 /* Base */,
			);
			name = LaunchScreen.storyboard;
			sourceTree = "<group>";
		};
/* End PBXVariantGroup section */

/* Begin XCBuildConfiguration section */
		4887B3AE1F74D439000F9E69 /* Debug */ = {
			isa = XCBuildConfiguration;
			buildSettings = {
				ALWAYS_SEARCH_USER_PATHS = NO;
				CLANG_ANALYZER_NONNULL = YES;
				CLANG_ANALYZER_NUMBER_OBJECT_CONVERSION = YES_AGGRESSIVE;
				CLANG_CXX_LANGUAGE_STANDARD = "gnu++14";
				CLANG_CXX_LIBRARY = "libc++";
				CLANG_ENABLE_MODULES = YES;
				CLANG_ENABLE_OBJC_ARC = YES;
				CLANG_WARN_BLOCK_CAPTURE_AUTORELEASING = YES;
				CLANG_WARN_BOOL_CONVERSION = YES;
				CLANG_WARN_COMMA = YES;
				CLANG_WARN_CONSTANT_CONVERSION = YES;
				CLANG_WARN_DIRECT_OBJC_ISA_USAGE = YES_ERROR;
				CLANG_WARN_DOCUMENTATION_COMMENTS = YES;
				CLANG_WARN_EMPTY_BODY = YES;
				CLANG_WARN_ENUM_CONVERSION = YES;
				CLANG_WARN_INFINITE_RECURSION = YES;
				CLANG_WARN_INT_CONVERSION = YES;
				CLANG_WARN_NON_LITERAL_NULL_CONVERSION = YES;
				CLANG_WARN_OBJC_LITERAL_CONVERSION = YES;
				CLANG_WARN_OBJC_ROOT_CLASS = YES_ERROR;
				CLANG_WARN_RANGE_LOOP_ANALYSIS = YES;
				CLANG_WARN_STRICT_PROTOTYPES = YES;
				CLANG_WARN_SUSPICIOUS_MOVE = YES;
				CLANG_WARN_UNGUARDED_AVAILABILITY = YES_AGGRESSIVE;
				CLANG_WARN_UNREACHABLE_CODE = YES;
				CLANG_WARN__DUPLICATE_METHOD_MATCH = YES;
				CODE_SIGN_IDENTITY = "iPhone Developer";
				COPY_PHASE_STRIP = NO;
				DEBUG_INFORMATION_FORMAT = dwarf;
				ENABLE_STRICT_OBJC_MSGSEND = YES;
				ENABLE_TESTABILITY = YES;
				GCC_C_LANGUAGE_STANDARD = gnu11;
				GCC_DYNAMIC_NO_PIC = NO;
				GCC_NO_COMMON_BLOCKS = YES;
				GCC_OPTIMIZATION_LEVEL = 0;
				GCC_PREPROCESSOR_DEFINITIONS = (
					"DEBUG=1",
					"$(inherited)",
				);
				GCC_WARN_64_TO_32_BIT_CONVERSION = YES;
				GCC_WARN_ABOUT_RETURN_TYPE = YES_ERROR;
				GCC_WARN_UNDECLARED_SELECTOR = YES;
				GCC_WARN_UNINITIALIZED_AUTOS = YES_AGGRESSIVE;
				GCC_WARN_UNUSED_FUNCTION = YES;
				GCC_WARN_UNUSED_VARIABLE = YES;
				IPHONEOS_DEPLOYMENT_TARGET = 11.0;
				MTL_ENABLE_DEBUG_INFO = YES;
				ONLY_ACTIVE_ARCH = YES;
				SDKROOT = iphoneos;
			};
			name = Debug;
		};
		4887B3AF1F74D439000F9E69 /* Release */ = {
			isa = XCBuildConfiguration;
			buildSettings = {
				ALWAYS_SEARCH_USER_PATHS = NO;
				CLANG_ANALYZER_NONNULL = YES;
				CLANG_ANALYZER_NUMBER_OBJECT_CONVERSION = YES_AGGRESSIVE;
				CLANG_CXX_LANGUAGE_STANDARD = "gnu++14";
				CLANG_CXX_LIBRARY = "libc++";
				CLANG_ENABLE_MODULES = YES;
				CLANG_ENABLE_OBJC_ARC = YES;
				CLANG_WARN_BLOCK_CAPTURE_AUTORELEASING = YES;
				CLANG_WARN_BOOL_CONVERSION = YES;
				CLANG_WARN_COMMA = YES;
				CLANG_WARN_CONSTANT_CONVERSION = YES;
				CLANG_WARN_DIRECT_OBJC_ISA_USAGE = YES_ERROR;
				CLANG_WARN_DOCUMENTATION_COMMENTS = YES;
				CLANG_WARN_EMPTY_BODY = YES;
				CLANG_WARN_ENUM_CONVERSION = YES;
				CLANG_WARN_INFINITE_RECURSION = YES;
				CLANG_WARN_INT_CONVERSION = YES;
				CLANG_WARN_NON_LITERAL_NULL_CONVERSION = YES;
				CLANG_WARN_OBJC_LITERAL_CONVERSION = YES;
				CLANG_WARN_OBJC_ROOT_CLASS = YES_ERROR;
				CLANG_WARN_RANGE_LOOP_ANALYSIS = YES;
				CLANG_WARN_STRICT_PROTOTYPES = YES;
				CLANG_WARN_SUSPICIOUS_MOVE = YES;
				CLANG_WARN_UNGUARDED_AVAILABILITY = YES_AGGRESSIVE;
				CLANG_WARN_UNREACHABLE_CODE = YES;
				CLANG_WARN__DUPLICATE_METHOD_MATCH = YES;
				CODE_SIGN_IDENTITY = "iPhone Developer";
				COPY_PHASE_STRIP = NO;
				DEBUG_INFORMATION_FORMAT = "dwarf-with-dsym";
				ENABLE_NS_ASSERTIONS = NO;
				ENABLE_STRICT_OBJC_MSGSEND = YES;
				GCC_C_LANGUAGE_STANDARD = gnu11;
				GCC_NO_COMMON_BLOCKS = YES;
				GCC_WARN_64_TO_32_BIT_CONVERSION = YES;
				GCC_WARN_ABOUT_RETURN_TYPE = YES_ERROR;
				GCC_WARN_UNDECLARED_SELECTOR = YES;
				GCC_WARN_UNINITIALIZED_AUTOS = YES_AGGRESSIVE;
				GCC_WARN_UNUSED_FUNCTION = YES;
				GCC_WARN_UNUSED_VARIABLE = YES;
				IPHONEOS_DEPLOYMENT_TARGET = 11.0;
				MTL_ENABLE_DEBUG_INFO = NO;
				SDKROOT = iphoneos;
				VALIDATE_PRODUCT = YES;
			};
			name = Release;
		};
		4887B3B11F74D439000F9E69 /* Debug */ = {
			isa = XCBuildConfiguration;
			buildSettings = {
				ASSETCATALOG_COMPILER_APPICON_NAME = AppIcon;
				CODE_SIGN_STYLE = Automatic;
				DEVELOPMENT_TEAM = 893D33K8C3;
				INFOPLIST_FILE = OnceImg/Info.plist;
				LD_RUNPATH_SEARCH_PATHS = "$(inherited) @executable_path/Frameworks";
				PRODUCT_BUNDLE_IDENTIFIER = com.pms.shaoqi.OnceImg;
				PRODUCT_NAME = "$(TARGET_NAME)";
				TARGETED_DEVICE_FAMILY = "1,2";
			};
			name = Debug;
		};
		4887B3B21F74D439000F9E69 /* Release */ = {
			isa = XCBuildConfiguration;
			buildSettings = {
				ASSETCATALOG_COMPILER_APPICON_NAME = AppIcon;
				CODE_SIGN_STYLE = Automatic;
				DEVELOPMENT_TEAM = 893D33K8C3;
				INFOPLIST_FILE = OnceImg/Info.plist;
				LD_RUNPATH_SEARCH_PATHS = "$(inherited) @executable_path/Frameworks";
				PRODUCT_BUNDLE_IDENTIFIER = com.pms.shaoqi.OnceImg;
				PRODUCT_NAME = "$(TARGET_NAME)";
				TARGETED_DEVICE_FAMILY = "1,2";
			};
			name = Release;
		};
		4887B3B41F74D439000F9E69 /* Debug */ = {
			isa = XCBuildConfiguration;
			buildSettings = {
				BUNDLE_LOADER = "$(TEST_HOST)";
				CODE_SIGN_STYLE = Automatic;
				DEVELOPMENT_TEAM = 893D33K8C3;
				INFOPLIST_FILE = OnceImgTests/Info.plist;
				LD_RUNPATH_SEARCH_PATHS = "$(inherited) @executable_path/Frameworks @loader_path/Frameworks";
				PRODUCT_BUNDLE_IDENTIFIER = com.pms.shaoqi.OnceImgTests;
				PRODUCT_NAME = "$(TARGET_NAME)";
				TARGETED_DEVICE_FAMILY = "1,2";
				TEST_HOST = "$(BUILT_PRODUCTS_DIR)/OnceImg.app/OnceImg";
			};
			name = Debug;
		};
		4887B3B51F74D439000F9E69 /* Release */ = {
			isa = XCBuildConfiguration;
			buildSettings = {
				BUNDLE_LOADER = "$(TEST_HOST)";
				CODE_SIGN_STYLE = Automatic;
				DEVELOPMENT_TEAM = 893D33K8C3;
				INFOPLIST_FILE = OnceImgTests/Info.plist;
				LD_RUNPATH_SEARCH_PATHS = "$(inherited) @executable_path/Frameworks @loader_path/Frameworks";
				PRODUCT_BUNDLE_IDENTIFIER = com.pms.shaoqi.OnceImgTests;
				PRODUCT_NAME = "$(TARGET_NAME)";
				TARGETED_DEVICE_FAMILY = "1,2";
				TEST_HOST = "$(BUILT_PRODUCTS_DIR)/OnceImg.app/OnceImg";
			};
			name = Release;
		};
		4887B3B71F74D439000F9E69 /* Debug */ = {
			isa = XCBuildConfiguration;
			buildSettings = {
				CODE_SIGN_STYLE = Automatic;
				DEVELOPMENT_TEAM = 893D33K8C3;
				INFOPLIST_FILE = OnceImgUITests/Info.plist;
				LD_RUNPATH_SEARCH_PATHS = "$(inherited) @executable_path/Frameworks @loader_path/Frameworks";
				PRODUCT_BUNDLE_IDENTIFIER = com.pms.shaoqi.OnceImgUITests;
				PRODUCT_NAME = "$(TARGET_NAME)";
				TARGETED_DEVICE_FAMILY = "1,2";
				TEST_TARGET_NAME = OnceImg;
			};
			name = Debug;
		};
		4887B3B81F74D439000F9E69 /* Release */ = {
			isa = XCBuildConfiguration;
			buildSettings = {
				CODE_SIGN_STYLE = Automatic;
				DEVELOPMENT_TEAM = 893D33K8C3;
				INFOPLIST_FILE = OnceImgUITests/Info.plist;
				LD_RUNPATH_SEARCH_PATHS = "$(inherited) @executable_path/Frameworks @loader_path/Frameworks";
				PRODUCT_BUNDLE_IDENTIFIER = com.pms.shaoqi.OnceImgUITests;
				PRODUCT_NAME = "$(TARGET_NAME)";
				TARGETED_DEVICE_FAMILY = "1,2";
				TEST_TARGET_NAME = OnceImg;
			};
			name = Release;
		};
/* End XCBuildConfiguration section */

/* Begin XCConfigurationList section */
		4887B37F1F74D438000F9E69 /* Build configuration list for PBXProject "OnceImg" */ = {
			isa = XCConfigurationList;
			buildConfigurations = (
				4887B3AE1F74D439000F9E69 /* Debug */,
				4887B3AF1F74D439000F9E69 /* Release */,
			);
			defaultConfigurationIsVisible = 0;
			defaultConfigurationName = Release;
		};
		4887B3B01F74D439000F9E69 /* Build configuration list for PBXNativeTarget "OnceImg" */ = {
			isa = XCConfigurationList;
			buildConfigurations = (
				4887B3B11F74D439000F9E69 /* Debug */,
				4887B3B21F74D439000F9E69 /* Release */,
			);
			defaultConfigurationIsVisible = 0;
			defaultConfigurationName = Release;
		};
		4887B3B31F74D439000F9E69 /* Build configuration list for PBXNativeTarget "OnceImgTests" */ = {
			isa = XCConfigurationList;
			buildConfigurations = (
				4887B3B41F74D439000F9E69 /* Debug */,
				4887B3B51F74D439000F9E69 /* Release */,
			);
			defaultConfigurationIsVisible = 0;
			defaultConfigurationName = Release;
		};
		4887B3B61F74D439000F9E69 /* Build configuration list for PBXNativeTarget "OnceImgUITests" */ = {
			isa = XCConfigurationList;
			buildConfigurations = (
				4887B3B71F74D439000F9E69 /* Debug */,
				4887B3B81F74D439000F9E69 /* Release */,
			);
			defaultConfigurationIsVisible = 0;
			defaultConfigurationName = Release;
		};
/* End XCConfigurationList section */
	};
	rootObject = 4887B37C1F74D438000F9E69 /* Project object */;
}
